
Microsoft Visual Studio Solution File, Format Version 12.00
# Visual Studio Version 17
VisualStudioVersion = 17.3.32819.101
MinimumVisualStudioVersion = 10.0.40219.1
Project("{9A19103F-16F7-4668-BE54-9A1E7A4F7556}") = "BattleshipTests", "Battleship\BattleshipTests.csproj", "{3A6FE5B3-4096-478C-97C6-F63B7B14A9B5}"
EndProject
Project("{9A19103F-16F7-4668-BE54-9A1E7A4F7556}") = "BattleshipApi", "BattleshipApi\BattleshipApi.csproj", "{942BB409-14FD-44E6-97BC-5825BB03CF3D}"
EndProject
Project("{9A19103F-16F7-4668-BE54-9A1E7A4F7556}") = "BattleshipLibrary", "BattleShipLibrary\BattleshipLibrary.csproj", "{DACE502C-4E9F-42A3-A595-B687EE0ABD61}"
EndProject
Global
	GlobalSection(SolutionConfigurationPlatforms) = preSolution
		Debug|Any CPU = Debug|Any CPU
		Release|Any CPU = Release|Any CPU
	EndGlobalSection
	GlobalSection(ProjectConfigurationPlatforms) = postSolution
		{3A6FE5B3-4096-478C-97C6-F63B7B14A9B5}.Debug|Any CPU.ActiveCfg = Debug|Any CPU
		{3A6FE5B3-4096-478C-97C6-F63B7B14A9B5}.Debug|Any CPU.Build.0 = Debug|Any CPU
		{3A6FE5B3-4096-478C-97C6-F63B7B14A9B5}.Release|Any CPU.ActiveCfg = Release|Any CPU
		{3A6FE5B3-4096-478C-97C6-F63B7B14A9B5}.Release|Any CPU.Build.0 = Release|Any CPU
		{942BB409-14FD-44E6-97BC-5825BB03CF3D}.Debug|Any CPU.ActiveCfg = Debug|Any CPU
		{942BB409-14FD-44E6-97BC-5825BB03CF3D}.Debug|Any CPU.Build.0 = Debug|Any CPU
		{942BB409-14FD-44E6-97BC-5825BB03CF3D}.Release|Any CPU.ActiveCfg = Release|Any CPU
		{942BB409-14FD-44E6-97BC-5825BB03CF3D}.Release|Any CPU.Build.0 = Release|Any CPU
		{DACE502C-4E9F-42A3-A595-B687EE0ABD61}.Debug|Any CPU.ActiveCfg = Debug|Any CPU
		{DACE502C-4E9F-42A3-A595-B687EE0ABD61}.Debug|Any CPU.Build.0 = Debug|Any CPU
		{DACE502C-4E9F-42A3-A595-B687EE0ABD61}.Release|Any CPU.ActiveCfg = Release|Any CPU
		{DACE502C-4E9F-42A3-A595-B687EE0ABD61}.Release|Any CPU.Build.0 = Release|Any CPU
	EndGlobalSection
	GlobalSection(SolutionProperties) = preSolution
		HideSolutionNode = FALSE
	EndGlobalSection
	GlobalSection(ExtensibilityGlobals) = postSolution
		SolutionGuid = {4BF724FE-B37D-418A-9ACD-1F169D524D7A}
	EndGlobalSection
EndGlobal
